// !$*UTF8*$!
{
	archiveVersion = 1;
	classes = {
	};
	objectVersion = 55;
	objects = {

/* Begin PBXBuildFile section */
		7A03D9A92B0F5C4900D98F07 /* ProfileViewController.swift in Sources */ = {isa = PBXBuildFile; fileRef = 7A03D9A82B0F5C4900D98F07 /* ProfileViewController.swift */; };
		7A215C722B07A8BE003B119D /* AppDelegate.swift in Sources */ = {isa = PBXBuildFile; fileRef = 7A215C712B07A8BE003B119D /* AppDelegate.swift */; };
		7A215C742B07A8BE003B119D /* SceneDelegate.swift in Sources */ = {isa = PBXBuildFile; fileRef = 7A215C732B07A8BE003B119D /* SceneDelegate.swift */; };
		7A215C762B07A8BE003B119D /* ViewController.swift in Sources */ = {isa = PBXBuildFile; fileRef = 7A215C752B07A8BE003B119D /* ViewController.swift */; };
		7A215C792B07A8BE003B119D /* Main.storyboard in Resources */ = {isa = PBXBuildFile; fileRef = 7A215C772B07A8BE003B119D /* Main.storyboard */; };
		7A215C7B2B07A8BF003B119D /* Assets.xcassets in Resources */ = {isa = PBXBuildFile; fileRef = 7A215C7A2B07A8BF003B119D /* Assets.xcassets */; };
		7A215C7E2B07A8BF003B119D /* LaunchScreen.storyboard in Resources */ = {isa = PBXBuildFile; fileRef = 7A215C7C2B07A8BF003B119D /* LaunchScreen.storyboard */; };
		7A215C892B07A8BF003B119D /* FitFolioTests.swift in Sources */ = {isa = PBXBuildFile; fileRef = 7A215C882B07A8BF003B119D /* FitFolioTests.swift */; };
		7A215C932B07A8BF003B119D /* FitFolioUITests.swift in Sources */ = {isa = PBXBuildFile; fileRef = 7A215C922B07A8BF003B119D /* FitFolioUITests.swift */; };
		7A215C952B07A8BF003B119D /* FitFolioUITestsLaunchTests.swift in Sources */ = {isa = PBXBuildFile; fileRef = 7A215C942B07A8BF003B119D /* FitFolioUITestsLaunchTests.swift */; };
		7A51F2362B13D7ED006CAD9A /* MentalHealthViewController.swift in Sources */ = {isa = PBXBuildFile; fileRef = 7A51F2352B13D7ED006CAD9A /* MentalHealthViewController.swift */; };
		7AA8D62E2B10941100B1FAA5 /* HomeViewController.swift in Sources */ = {isa = PBXBuildFile; fileRef = 7AA8D62D2B10941100B1FAA5 /* HomeViewController.swift */; };
		7AE13C222B11F92000A5FC7D /* SessionManager.swift in Sources */ = {isa = PBXBuildFile; fileRef = 7AE13C212B11F92000A5FC7D /* SessionManager.swift */; };
		7AEEDF9B2B13FE3600B1F0AF /* SettingsViewController.swift in Sources */ = {isa = PBXBuildFile; fileRef = 7AEEDF9A2B13FE3600B1F0AF /* SettingsViewController.swift */; };
		7AEEDF9D2B14005F00B1F0AF /* SleepViewController.swift in Sources */ = {isa = PBXBuildFile; fileRef = 7AEEDF9C2B14005F00B1F0AF /* SleepViewController.swift */; };
		7AEEDF9F2B14108900B1F0AF /* HeartViewController.swift in Sources */ = {isa = PBXBuildFile; fileRef = 7AEEDF9E2B14108900B1F0AF /* HeartViewController.swift */; };
		7AEEDFA12B14171D00B1F0AF /* NutrientPieChartView.swift in Sources */ = {isa = PBXBuildFile; fileRef = 7AEEDFA02B14171D00B1F0AF /* NutrientPieChartView.swift */; };
		7AEEDFA32B14175900B1F0AF /* NutrientViewController.swift in Sources */ = {isa = PBXBuildFile; fileRef = 7AEEDFA22B14175900B1F0AF /* NutrientViewController.swift */; };
		7AEEDFA52B14194500B1F0AF /* CircularProgressView.swift in Sources */ = {isa = PBXBuildFile; fileRef = 7AEEDFA42B14194500B1F0AF /* CircularProgressView.swift */; };
		BB1CEB622B136B75005BD52D /* ActivityViewController.swift in Sources */ = {isa = PBXBuildFile; fileRef = BB1CEB612B136B75005BD52D /* ActivityViewController.swift */; };
		BB7D08782B11494800177AAF /* Realm in Frameworks */ = {isa = PBXBuildFile; productRef = BB7D08772B11494800177AAF /* Realm */; };
		BB7D087A2B11494800177AAF /* RealmSwift in Frameworks */ = {isa = PBXBuildFile; productRef = BB7D08792B11494800177AAF /* RealmSwift */; };
		BB7D087C2B11497800177AAF /* RealmManager.swift in Sources */ = {isa = PBXBuildFile; fileRef = BB7D087B2B11497800177AAF /* RealmManager.swift */; };
		BB7D08802B11CADF00177AAF /* RegistrationViewModel.swift in Sources */ = {isa = PBXBuildFile; fileRef = BB7D087F2B11CADF00177AAF /* RegistrationViewModel.swift */; };
		BB7D08822B11CF7C00177AAF /* RegistrationData.swift in Sources */ = {isa = PBXBuildFile; fileRef = BB7D08812B11CF7C00177AAF /* RegistrationData.swift */; };
		BB7D08842B11D4D300177AAF /* RegistrationViewController.swift in Sources */ = {isa = PBXBuildFile; fileRef = BB7D08832B11D4D300177AAF /* RegistrationViewController.swift */; };
		BB7D08862B11D77900177AAF /* MainGoalViewController.swift in Sources */ = {isa = PBXBuildFile; fileRef = BB7D08852B11D77900177AAF /* MainGoalViewController.swift */; };
		BB7D08882B11D7A700177AAF /* CreateAccountViewController.swift in Sources */ = {isa = PBXBuildFile; fileRef = BB7D08872B11D7A700177AAF /* CreateAccountViewController.swift */; };
		BB7D088A2B11EA5000177AAF /* LoginViewController.swift in Sources */ = {isa = PBXBuildFile; fileRef = BB7D08892B11EA5000177AAF /* LoginViewController.swift */; };
		BB7D088C2B12453A00177AAF /* WidgetCardView.swift in Sources */ = {isa = PBXBuildFile; fileRef = BB7D088B2B12453A00177AAF /* WidgetCardView.swift */; };
		BB7D088E2B1245B800177AAF /* WidgetCardView.xib in Resources */ = {isa = PBXBuildFile; fileRef = BB7D088D2B1245B700177AAF /* WidgetCardView.xib */; };
		BB7D08912B124A9A00177AAF /* SnapKit in Frameworks */ = {isa = PBXBuildFile; productRef = BB7D08902B124A9A00177AAF /* SnapKit */; };
		BB7D08932B124A9A00177AAF /* SnapKit-Dynamic in Frameworks */ = {isa = PBXBuildFile; productRef = BB7D08922B124A9A00177AAF /* SnapKit-Dynamic */; };
		BB7D08972B124B4500177AAF /* HeartRate.swift in Sources */ = {isa = PBXBuildFile; fileRef = BB7D08962B124B4500177AAF /* HeartRate.swift */; };
		BB7D08992B124EF800177AAF /* HealthViewController.swift in Sources */ = {isa = PBXBuildFile; fileRef = BB7D08982B124EF800177AAF /* HealthViewController.swift */; };
		BB7D089B2B1258EF00177AAF /* HeartRateChartViewController.swift in Sources */ = {isa = PBXBuildFile; fileRef = BB7D089A2B1258EF00177AAF /* HeartRateChartViewController.swift */; };
		BB7D089D2B12815000177AAF /* SleepChart.swift in Sources */ = {isa = PBXBuildFile; fileRef = BB7D089C2B12815000177AAF /* SleepChart.swift */; };
		BB7D089F2B1282E000177AAF /* SleepChartViewController.swift in Sources */ = {isa = PBXBuildFile; fileRef = BB7D089E2B1282E000177AAF /* SleepChartViewController.swift */; };
		BB82A8902B13584400737014 /* SleepDataObject.swift in Sources */ = {isa = PBXBuildFile; fileRef = BB82A88F2B13584400737014 /* SleepDataObject.swift */; };
		BB82A8922B13585A00737014 /* HeartDataObject.swift in Sources */ = {isa = PBXBuildFile; fileRef = BB82A8912B13585A00737014 /* HeartDataObject.swift */; };
		BB82A8942B13587C00737014 /* ActivityDataObject.swift in Sources */ = {isa = PBXBuildFile; fileRef = BB82A8932B13587C00737014 /* ActivityDataObject.swift */; };
		BB82A8962B13588C00737014 /* NutritionDataObject.swift in Sources */ = {isa = PBXBuildFile; fileRef = BB82A8952B13588C00737014 /* NutritionDataObject.swift */; };
		BB973C2C2B13767F00BCCC67 /* FitnessTarget.swift in Sources */ = {isa = PBXBuildFile; fileRef = BB973C2B2B13767F00BCCC67 /* FitnessTarget.swift */; };
/* End PBXBuildFile section */

/* Begin PBXContainerItemProxy section */
		7A215C852B07A8BF003B119D /* PBXContainerItemProxy */ = {
			isa = PBXContainerItemProxy;
			containerPortal = 7A215C662B07A8BE003B119D /* Project object */;
			proxyType = 1;
			remoteGlobalIDString = 7A215C6D2B07A8BE003B119D;
			remoteInfo = FitFolio;
		};
		7A215C8F2B07A8BF003B119D /* PBXContainerItemProxy */ = {
			isa = PBXContainerItemProxy;
			containerPortal = 7A215C662B07A8BE003B119D /* Project object */;
			proxyType = 1;
			remoteGlobalIDString = 7A215C6D2B07A8BE003B119D;
			remoteInfo = FitFolio;
		};
/* End PBXContainerItemProxy section */

/* Begin PBXFileReference section */
		7A03D9A82B0F5C4900D98F07 /* ProfileViewController.swift */ = {isa = PBXFileReference; lastKnownFileType = sourcecode.swift; path = ProfileViewController.swift; sourceTree = "<group>"; };
		7A215C6E2B07A8BE003B119D /* FitFolio.app */ = {isa = PBXFileReference; explicitFileType = wrapper.application; includeInIndex = 0; path = FitFolio.app; sourceTree = BUILT_PRODUCTS_DIR; };
		7A215C712B07A8BE003B119D /* AppDelegate.swift */ = {isa = PBXFileReference; lastKnownFileType = sourcecode.swift; path = AppDelegate.swift; sourceTree = "<group>"; };
		7A215C732B07A8BE003B119D /* SceneDelegate.swift */ = {isa = PBXFileReference; lastKnownFileType = sourcecode.swift; path = SceneDelegate.swift; sourceTree = "<group>"; };
		7A215C752B07A8BE003B119D /* ViewController.swift */ = {isa = PBXFileReference; lastKnownFileType = sourcecode.swift; path = ViewController.swift; sourceTree = "<group>"; };
		7A215C782B07A8BE003B119D /* Base */ = {isa = PBXFileReference; lastKnownFileType = file.storyboard; name = Base; path = Base.lproj/Main.storyboard; sourceTree = "<group>"; };
		7A215C7A2B07A8BF003B119D /* Assets.xcassets */ = {isa = PBXFileReference; lastKnownFileType = folder.assetcatalog; path = Assets.xcassets; sourceTree = "<group>"; };
		7A215C7D2B07A8BF003B119D /* Base */ = {isa = PBXFileReference; lastKnownFileType = file.storyboard; name = Base; path = Base.lproj/LaunchScreen.storyboard; sourceTree = "<group>"; };
		7A215C7F2B07A8BF003B119D /* Info.plist */ = {isa = PBXFileReference; lastKnownFileType = text.plist.xml; path = Info.plist; sourceTree = "<group>"; };
		7A215C842B07A8BF003B119D /* FitFolioTests.xctest */ = {isa = PBXFileReference; explicitFileType = wrapper.cfbundle; includeInIndex = 0; path = FitFolioTests.xctest; sourceTree = BUILT_PRODUCTS_DIR; };
		7A215C882B07A8BF003B119D /* FitFolioTests.swift */ = {isa = PBXFileReference; lastKnownFileType = sourcecode.swift; path = FitFolioTests.swift; sourceTree = "<group>"; };
		7A215C8E2B07A8BF003B119D /* FitFolioUITests.xctest */ = {isa = PBXFileReference; explicitFileType = wrapper.cfbundle; includeInIndex = 0; path = FitFolioUITests.xctest; sourceTree = BUILT_PRODUCTS_DIR; };
		7A215C922B07A8BF003B119D /* FitFolioUITests.swift */ = {isa = PBXFileReference; lastKnownFileType = sourcecode.swift; path = FitFolioUITests.swift; sourceTree = "<group>"; };
		7A215C942B07A8BF003B119D /* FitFolioUITestsLaunchTests.swift */ = {isa = PBXFileReference; lastKnownFileType = sourcecode.swift; path = FitFolioUITestsLaunchTests.swift; sourceTree = "<group>"; };
		7A51F2352B13D7ED006CAD9A /* MentalHealthViewController.swift */ = {isa = PBXFileReference; lastKnownFileType = sourcecode.swift; path = MentalHealthViewController.swift; sourceTree = "<group>"; };
		7AA8D62D2B10941100B1FAA5 /* HomeViewController.swift */ = {isa = PBXFileReference; lastKnownFileType = sourcecode.swift; path = HomeViewController.swift; sourceTree = "<group>"; };
		7AE13C212B11F92000A5FC7D /* SessionManager.swift */ = {isa = PBXFileReference; lastKnownFileType = sourcecode.swift; path = SessionManager.swift; sourceTree = "<group>"; };
		7AEEDF9A2B13FE3600B1F0AF /* SettingsViewController.swift */ = {isa = PBXFileReference; lastKnownFileType = sourcecode.swift; path = SettingsViewController.swift; sourceTree = "<group>"; };
		7AEEDF9C2B14005F00B1F0AF /* SleepViewController.swift */ = {isa = PBXFileReference; lastKnownFileType = sourcecode.swift; path = SleepViewController.swift; sourceTree = "<group>"; };
		7AEEDF9E2B14108900B1F0AF /* HeartViewController.swift */ = {isa = PBXFileReference; lastKnownFileType = sourcecode.swift; path = HeartViewController.swift; sourceTree = "<group>"; };
		7AEEDFA02B14171D00B1F0AF /* NutrientPieChartView.swift */ = {isa = PBXFileReference; lastKnownFileType = sourcecode.swift; path = NutrientPieChartView.swift; sourceTree = "<group>"; };
		7AEEDFA22B14175900B1F0AF /* NutrientViewController.swift */ = {isa = PBXFileReference; lastKnownFileType = sourcecode.swift; path = NutrientViewController.swift; sourceTree = "<group>"; };
		7AEEDFA42B14194500B1F0AF /* CircularProgressView.swift */ = {isa = PBXFileReference; lastKnownFileType = sourcecode.swift; path = CircularProgressView.swift; sourceTree = "<group>"; };
		BB1CEB612B136B75005BD52D /* ActivityViewController.swift */ = {isa = PBXFileReference; lastKnownFileType = sourcecode.swift; path = ActivityViewController.swift; sourceTree = "<group>"; };
		BB7D08752B11028100177AAF /* FitFolio.entitlements */ = {isa = PBXFileReference; lastKnownFileType = text.plist.entitlements; path = FitFolio.entitlements; sourceTree = "<group>"; };
		BB7D087B2B11497800177AAF /* RealmManager.swift */ = {isa = PBXFileReference; lastKnownFileType = sourcecode.swift; path = RealmManager.swift; sourceTree = "<group>"; };
		BB7D087F2B11CADF00177AAF /* RegistrationViewModel.swift */ = {isa = PBXFileReference; lastKnownFileType = sourcecode.swift; path = RegistrationViewModel.swift; sourceTree = "<group>"; };
		BB7D08812B11CF7C00177AAF /* RegistrationData.swift */ = {isa = PBXFileReference; lastKnownFileType = sourcecode.swift; path = RegistrationData.swift; sourceTree = "<group>"; };
		BB7D08832B11D4D300177AAF /* RegistrationViewController.swift */ = {isa = PBXFileReference; lastKnownFileType = sourcecode.swift; path = RegistrationViewController.swift; sourceTree = "<group>"; };
		BB7D08852B11D77900177AAF /* MainGoalViewController.swift */ = {isa = PBXFileReference; lastKnownFileType = sourcecode.swift; path = MainGoalViewController.swift; sourceTree = "<group>"; };
		BB7D08872B11D7A700177AAF /* CreateAccountViewController.swift */ = {isa = PBXFileReference; lastKnownFileType = sourcecode.swift; path = CreateAccountViewController.swift; sourceTree = "<group>"; };
		BB7D08892B11EA5000177AAF /* LoginViewController.swift */ = {isa = PBXFileReference; lastKnownFileType = sourcecode.swift; path = LoginViewController.swift; sourceTree = "<group>"; };
		BB7D088B2B12453A00177AAF /* WidgetCardView.swift */ = {isa = PBXFileReference; lastKnownFileType = sourcecode.swift; path = WidgetCardView.swift; sourceTree = "<group>"; };
		BB7D088D2B1245B700177AAF /* WidgetCardView.xib */ = {isa = PBXFileReference; lastKnownFileType = file.xib; path = WidgetCardView.xib; sourceTree = "<group>"; };
		BB7D08962B124B4500177AAF /* HeartRate.swift */ = {isa = PBXFileReference; lastKnownFileType = sourcecode.swift; path = HeartRate.swift; sourceTree = "<group>"; };
		BB7D08982B124EF800177AAF /* HealthViewController.swift */ = {isa = PBXFileReference; lastKnownFileType = sourcecode.swift; path = HealthViewController.swift; sourceTree = "<group>"; };
		BB7D089A2B1258EF00177AAF /* HeartRateChartViewController.swift */ = {isa = PBXFileReference; lastKnownFileType = sourcecode.swift; path = HeartRateChartViewController.swift; sourceTree = "<group>"; };
		BB7D089C2B12815000177AAF /* SleepChart.swift */ = {isa = PBXFileReference; lastKnownFileType = sourcecode.swift; path = SleepChart.swift; sourceTree = "<group>"; };
		BB7D089E2B1282E000177AAF /* SleepChartViewController.swift */ = {isa = PBXFileReference; lastKnownFileType = sourcecode.swift; path = SleepChartViewController.swift; sourceTree = "<group>"; };
		BB82A88F2B13584400737014 /* SleepDataObject.swift */ = {isa = PBXFileReference; lastKnownFileType = sourcecode.swift; path = SleepDataObject.swift; sourceTree = "<group>"; };
		BB82A8912B13585A00737014 /* HeartDataObject.swift */ = {isa = PBXFileReference; lastKnownFileType = sourcecode.swift; path = HeartDataObject.swift; sourceTree = "<group>"; };
		BB82A8932B13587C00737014 /* ActivityDataObject.swift */ = {isa = PBXFileReference; lastKnownFileType = sourcecode.swift; path = ActivityDataObject.swift; sourceTree = "<group>"; };
		BB82A8952B13588C00737014 /* NutritionDataObject.swift */ = {isa = PBXFileReference; lastKnownFileType = sourcecode.swift; path = NutritionDataObject.swift; sourceTree = "<group>"; };
		BB973C2B2B13767F00BCCC67 /* FitnessTarget.swift */ = {isa = PBXFileReference; lastKnownFileType = sourcecode.swift; path = FitnessTarget.swift; sourceTree = "<group>"; };
/* End PBXFileReference section */

/* Begin PBXFrameworksBuildPhase section */
		7A215C6B2B07A8BE003B119D /* Frameworks */ = {
			isa = PBXFrameworksBuildPhase;
			buildActionMask = 2147483647;
			files = (
				BB7D08912B124A9A00177AAF /* SnapKit in Frameworks */,
				BB7D087A2B11494800177AAF /* RealmSwift in Frameworks */,
				BB7D08782B11494800177AAF /* Realm in Frameworks */,
				BB7D08932B124A9A00177AAF /* SnapKit-Dynamic in Frameworks */,
			);
			runOnlyForDeploymentPostprocessing = 0;
		};
		7A215C812B07A8BF003B119D /* Frameworks */ = {
			isa = PBXFrameworksBuildPhase;
			buildActionMask = 2147483647;
			files = (
			);
			runOnlyForDeploymentPostprocessing = 0;
		};
		7A215C8B2B07A8BF003B119D /* Frameworks */ = {
			isa = PBXFrameworksBuildPhase;
			buildActionMask = 2147483647;
			files = (
			);
			runOnlyForDeploymentPostprocessing = 0;
		};
/* End PBXFrameworksBuildPhase section */

/* Begin PBXGroup section */
		7A215C652B07A8BE003B119D = {
			isa = PBXGroup;
			children = (
				BB7D088D2B1245B700177AAF /* WidgetCardView.xib */,
				BB7D088B2B12453A00177AAF /* WidgetCardView.swift */,
				7A215C702B07A8BE003B119D /* FitFolio */,
				7A215C872B07A8BF003B119D /* FitFolioTests */,
				7A215C912B07A8BF003B119D /* FitFolioUITests */,
				7A215C6F2B07A8BE003B119D /* Products */,
			);
			sourceTree = "<group>";
		};
		7A215C6F2B07A8BE003B119D /* Products */ = {
			isa = PBXGroup;
			children = (
				7A215C6E2B07A8BE003B119D /* FitFolio.app */,
				7A215C842B07A8BF003B119D /* FitFolioTests.xctest */,
				7A215C8E2B07A8BF003B119D /* FitFolioUITests.xctest */,
			);
			name = Products;
			sourceTree = "<group>";
		};
		7A215C702B07A8BE003B119D /* FitFolio */ = {
			isa = PBXGroup;
			children = (
				BB7D08752B11028100177AAF /* FitFolio.entitlements */,
				7A215C712B07A8BE003B119D /* AppDelegate.swift */,
				7A215C732B07A8BE003B119D /* SceneDelegate.swift */,
				7A215C752B07A8BE003B119D /* ViewController.swift */,
				7A215C772B07A8BE003B119D /* Main.storyboard */,
				7AEEDFA22B14175900B1F0AF /* NutrientViewController.swift */,
				7AEEDFA42B14194500B1F0AF /* CircularProgressView.swift */,
				7AEEDF9E2B14108900B1F0AF /* HeartViewController.swift */,
				7AEEDF9C2B14005F00B1F0AF /* SleepViewController.swift */,
				7AEEDF9A2B13FE3600B1F0AF /* SettingsViewController.swift */,
				7A51F2352B13D7ED006CAD9A /* MentalHealthViewController.swift */,
				7AE13C212B11F92000A5FC7D /* SessionManager.swift */,
				BB7D08892B11EA5000177AAF /* LoginViewController.swift */,
				BB7D08872B11D7A700177AAF /* CreateAccountViewController.swift */,
				BB7D08852B11D77900177AAF /* MainGoalViewController.swift */,
				BB7D08832B11D4D300177AAF /* RegistrationViewController.swift */,
				7AA8D62D2B10941100B1FAA5 /* HomeViewController.swift */,
				7A03D9A82B0F5C4900D98F07 /* ProfileViewController.swift */,
				7A215C7A2B07A8BF003B119D /* Assets.xcassets */,
				7A215C7C2B07A8BF003B119D /* LaunchScreen.storyboard */,
				7A215C7F2B07A8BF003B119D /* Info.plist */,
				BB7D087B2B11497800177AAF /* RealmManager.swift */,
				BB7D087F2B11CADF00177AAF /* RegistrationViewModel.swift */,
				BB7D08812B11CF7C00177AAF /* RegistrationData.swift */,
				BB7D08962B124B4500177AAF /* HeartRate.swift */,
				BB7D08982B124EF800177AAF /* HealthViewController.swift */,
				BB7D089A2B1258EF00177AAF /* HeartRateChartViewController.swift */,
				BB7D089C2B12815000177AAF /* SleepChart.swift */,
				BB7D089E2B1282E000177AAF /* SleepChartViewController.swift */,
				BB82A88F2B13584400737014 /* SleepDataObject.swift */,
				BB82A8912B13585A00737014 /* HeartDataObject.swift */,
				BB82A8932B13587C00737014 /* ActivityDataObject.swift */,
				BB82A8952B13588C00737014 /* NutritionDataObject.swift */,
				7AEEDFA02B14171D00B1F0AF /* NutrientPieChartView.swift */,
				BB1CEB612B136B75005BD52D /* ActivityViewController.swift */,
				BB973C2B2B13767F00BCCC67 /* FitnessTarget.swift */,
			);
			path = FitFolio;
			sourceTree = "<group>";
		};
		7A215C872B07A8BF003B119D /* FitFolioTests */ = {
			isa = PBXGroup;
			children = (
				7A215C882B07A8BF003B119D /* FitFolioTests.swift */,
			);
			path = FitFolioTests;
			sourceTree = "<group>";
		};
		7A215C912B07A8BF003B119D /* FitFolioUITests */ = {
			isa = PBXGroup;
			children = (
				7A215C922B07A8BF003B119D /* FitFolioUITests.swift */,
				7A215C942B07A8BF003B119D /* FitFolioUITestsLaunchTests.swift */,
			);
			path = FitFolioUITests;
			sourceTree = "<group>";
		};
/* End PBXGroup section */

/* Begin PBXNativeTarget section */
		7A215C6D2B07A8BE003B119D /* FitFolio */ = {
			isa = PBXNativeTarget;
			buildConfigurationList = 7A215C982B07A8BF003B119D /* Build configuration list for PBXNativeTarget "FitFolio" */;
			buildPhases = (
				7A215C6A2B07A8BE003B119D /* Sources */,
				7A215C6B2B07A8BE003B119D /* Frameworks */,
				7A215C6C2B07A8BE003B119D /* Resources */,
			);
			buildRules = (
			);
			dependencies = (
			);
			name = FitFolio;
			packageProductDependencies = (
				BB7D08772B11494800177AAF /* Realm */,
				BB7D08792B11494800177AAF /* RealmSwift */,
				BB7D08902B124A9A00177AAF /* SnapKit */,
				BB7D08922B124A9A00177AAF /* SnapKit-Dynamic */,
			);
			productName = FitFolio;
			productReference = 7A215C6E2B07A8BE003B119D /* FitFolio.app */;
			productType = "com.apple.product-type.application";
		};
		7A215C832B07A8BF003B119D /* FitFolioTests */ = {
			isa = PBXNativeTarget;
			buildConfigurationList = 7A215C9B2B07A8BF003B119D /* Build configuration list for PBXNativeTarget "FitFolioTests" */;
			buildPhases = (
				7A215C802B07A8BF003B119D /* Sources */,
				7A215C812B07A8BF003B119D /* Frameworks */,
				7A215C822B07A8BF003B119D /* Resources */,
			);
			buildRules = (
			);
			dependencies = (
				7A215C862B07A8BF003B119D /* PBXTargetDependency */,
			);
			name = FitFolioTests;
			productName = FitFolioTests;
			productReference = 7A215C842B07A8BF003B119D /* FitFolioTests.xctest */;
			productType = "com.apple.product-type.bundle.unit-test";
		};
		7A215C8D2B07A8BF003B119D /* FitFolioUITests */ = {
			isa = PBXNativeTarget;
			buildConfigurationList = 7A215C9E2B07A8BF003B119D /* Build configuration list for PBXNativeTarget "FitFolioUITests" */;
			buildPhases = (
				7A215C8A2B07A8BF003B119D /* Sources */,
				7A215C8B2B07A8BF003B119D /* Frameworks */,
				7A215C8C2B07A8BF003B119D /* Resources */,
			);
			buildRules = (
			);
			dependencies = (
				7A215C902B07A8BF003B119D /* PBXTargetDependency */,
			);
			name = FitFolioUITests;
			productName = FitFolioUITests;
			productReference = 7A215C8E2B07A8BF003B119D /* FitFolioUITests.xctest */;
			productType = "com.apple.product-type.bundle.ui-testing";
		};
/* End PBXNativeTarget section */

/* Begin PBXProject section */
		7A215C662B07A8BE003B119D /* Project object */ = {
			isa = PBXProject;
			attributes = {
				BuildIndependentTargetsInParallel = 1;
				LastSwiftUpdateCheck = 1500;
				LastUpgradeCheck = 1500;
				TargetAttributes = {
					7A215C6D2B07A8BE003B119D = {
						CreatedOnToolsVersion = 15.0.1;
					};
					7A215C832B07A8BF003B119D = {
						CreatedOnToolsVersion = 15.0.1;
						TestTargetID = 7A215C6D2B07A8BE003B119D;
					};
					7A215C8D2B07A8BF003B119D = {
						CreatedOnToolsVersion = 15.0.1;
						TestTargetID = 7A215C6D2B07A8BE003B119D;
					};
				};
			};
			buildConfigurationList = 7A215C692B07A8BE003B119D /* Build configuration list for PBXProject "FitFolio" */;
			compatibilityVersion = "Xcode 13.0";
			developmentRegion = en;
			hasScannedForEncodings = 0;
			knownRegions = (
				en,
				Base,
			);
			mainGroup = 7A215C652B07A8BE003B119D;
			packageReferences = (
				BB7D08762B11494800177AAF /* XCRemoteSwiftPackageReference "realm-swift" */,
				BB7D088F2B124A9A00177AAF /* XCRemoteSwiftPackageReference "SnapKit" */,
			);
			productRefGroup = 7A215C6F2B07A8BE003B119D /* Products */;
			projectDirPath = "";
			projectRoot = "";
			targets = (
				7A215C6D2B07A8BE003B119D /* FitFolio */,
				7A215C832B07A8BF003B119D /* FitFolioTests */,
				7A215C8D2B07A8BF003B119D /* FitFolioUITests */,
			);
		};
/* End PBXProject section */

/* Begin PBXResourcesBuildPhase section */
		7A215C6C2B07A8BE003B119D /* Resources */ = {
			isa = PBXResourcesBuildPhase;
			buildActionMask = 2147483647;
			files = (
				BB7D088E2B1245B800177AAF /* WidgetCardView.xib in Resources */,
				7A215C7E2B07A8BF003B119D /* LaunchScreen.storyboard in Resources */,
				7A215C7B2B07A8BF003B119D /* Assets.xcassets in Resources */,
				7A215C792B07A8BE003B119D /* Main.storyboard in Resources */,
			);
			runOnlyForDeploymentPostprocessing = 0;
		};
		7A215C822B07A8BF003B119D /* Resources */ = {
			isa = PBXResourcesBuildPhase;
			buildActionMask = 2147483647;
			files = (
			);
			runOnlyForDeploymentPostprocessing = 0;
		};
		7A215C8C2B07A8BF003B119D /* Resources */ = {
			isa = PBXResourcesBuildPhase;
			buildActionMask = 2147483647;
			files = (
			);
			runOnlyForDeploymentPostprocessing = 0;
		};
/* End PBXResourcesBuildPhase section */

/* Begin PBXSourcesBuildPhase section */
		7A215C6A2B07A8BE003B119D /* Sources */ = {
			isa = PBXSourcesBuildPhase;
			buildActionMask = 2147483647;
			files = (
				7AEEDF9F2B14108900B1F0AF /* HeartViewController.swift in Sources */,
				BB7D088C2B12453A00177AAF /* WidgetCardView.swift in Sources */,
				BB7D088A2B11EA5000177AAF /* LoginViewController.swift in Sources */,
				BB973C2C2B13767F00BCCC67 /* FitnessTarget.swift in Sources */,
				7AA8D62E2B10941100B1FAA5 /* HomeViewController.swift in Sources */,
				7A215C762B07A8BE003B119D /* ViewController.swift in Sources */,
				BB7D08862B11D77900177AAF /* MainGoalViewController.swift in Sources */,
				BB7D08882B11D7A700177AAF /* CreateAccountViewController.swift in Sources */,
				BB7D089D2B12815000177AAF /* SleepChart.swift in Sources */,
				BB82A8962B13588C00737014 /* NutritionDataObject.swift in Sources */,
				BB82A8922B13585A00737014 /* HeartDataObject.swift in Sources */,
				7A215C722B07A8BE003B119D /* AppDelegate.swift in Sources */,
				BB7D08842B11D4D300177AAF /* RegistrationViewController.swift in Sources */,
				BB7D08802B11CADF00177AAF /* RegistrationViewModel.swift in Sources */,
				BB82A8902B13584400737014 /* SleepDataObject.swift in Sources */,
				7A51F2362B13D7ED006CAD9A /* MentalHealthViewController.swift in Sources */,
				BB7D08972B124B4500177AAF /* HeartRate.swift in Sources */,
				7AEEDF9D2B14005F00B1F0AF /* SleepViewController.swift in Sources */,
				BB7D08992B124EF800177AAF /* HealthViewController.swift in Sources */,
				BB7D089B2B1258EF00177AAF /* HeartRateChartViewController.swift in Sources */,
				7A03D9A92B0F5C4900D98F07 /* ProfileViewController.swift in Sources */,
				7A215C742B07A8BE003B119D /* SceneDelegate.swift in Sources */,
				BB7D08822B11CF7C00177AAF /* RegistrationData.swift in Sources */,
				BB1CEB622B136B75005BD52D /* ActivityViewController.swift in Sources */,
				BB7D087C2B11497800177AAF /* RealmManager.swift in Sources */,
				BB7D089F2B1282E000177AAF /* SleepChartViewController.swift in Sources */,
				7AEEDFA52B14194500B1F0AF /* CircularProgressView.swift in Sources */,
				7AE13C222B11F92000A5FC7D /* SessionManager.swift in Sources */,
				BB82A8942B13587C00737014 /* ActivityDataObject.swift in Sources */,
				7AEEDF9B2B13FE3600B1F0AF /* SettingsViewController.swift in Sources */,
				7AEEDFA12B14171D00B1F0AF /* NutrientPieChartView.swift in Sources */,
				7AEEDFA32B14175900B1F0AF /* NutrientViewController.swift in Sources */,
			);
			runOnlyForDeploymentPostprocessing = 0;
		};
		7A215C802B07A8BF003B119D /* Sources */ = {
			isa = PBXSourcesBuildPhase;
			buildActionMask = 2147483647;
			files = (
				7A215C892B07A8BF003B119D /* FitFolioTests.swift in Sources */,
			);
			runOnlyForDeploymentPostprocessing = 0;
		};
		7A215C8A2B07A8BF003B119D /* Sources */ = {
			isa = PBXSourcesBuildPhase;
			buildActionMask = 2147483647;
			files = (
				7A215C952B07A8BF003B119D /* FitFolioUITestsLaunchTests.swift in Sources */,
				7A215C932B07A8BF003B119D /* FitFolioUITests.swift in Sources */,
			);
			runOnlyForDeploymentPostprocessing = 0;
		};
/* End PBXSourcesBuildPhase section */

/* Begin PBXTargetDependency section */
		7A215C862B07A8BF003B119D /* PBXTargetDependency */ = {
			isa = PBXTargetDependency;
			target = 7A215C6D2B07A8BE003B119D /* FitFolio */;
			targetProxy = 7A215C852B07A8BF003B119D /* PBXContainerItemProxy */;
		};
		7A215C902B07A8BF003B119D /* PBXTargetDependency */ = {
			isa = PBXTargetDependency;
			target = 7A215C6D2B07A8BE003B119D /* FitFolio */;
			targetProxy = 7A215C8F2B07A8BF003B119D /* PBXContainerItemProxy */;
		};
/* End PBXTargetDependency section */

/* Begin PBXVariantGroup section */
		7A215C772B07A8BE003B119D /* Main.storyboard */ = {
			isa = PBXVariantGroup;
			children = (
				7A215C782B07A8BE003B119D /* Base */,
			);
			name = Main.storyboard;
			sourceTree = "<group>";
		};
		7A215C7C2B07A8BF003B119D /* LaunchScreen.storyboard */ = {
			isa = PBXVariantGroup;
			children = (
				7A215C7D2B07A8BF003B119D /* Base */,
			);
			name = LaunchScreen.storyboard;
			sourceTree = "<group>";
		};
/* End PBXVariantGroup section */

/* Begin XCBuildConfiguration section */
		7A215C962B07A8BF003B119D /* Debug */ = {
			isa = XCBuildConfiguration;
			buildSettings = {
				ALWAYS_SEARCH_USER_PATHS = NO;
				ASSETCATALOG_COMPILER_GENERATE_SWIFT_ASSET_SYMBOL_EXTENSIONS = YES;
				CLANG_ANALYZER_NONNULL = YES;
				CLANG_ANALYZER_NUMBER_OBJECT_CONVERSION = YES_AGGRESSIVE;
				CLANG_CXX_LANGUAGE_STANDARD = "gnu++20";
				CLANG_ENABLE_MODULES = YES;
				CLANG_ENABLE_OBJC_ARC = YES;
				CLANG_ENABLE_OBJC_WEAK = YES;
				CLANG_WARN_BLOCK_CAPTURE_AUTORELEASING = YES;
				CLANG_WARN_BOOL_CONVERSION = YES;
				CLANG_WARN_COMMA = YES;
				CLANG_WARN_CONSTANT_CONVERSION = YES;
				CLANG_WARN_DEPRECATED_OBJC_IMPLEMENTATIONS = YES;
				CLANG_WARN_DIRECT_OBJC_ISA_USAGE = YES_ERROR;
				CLANG_WARN_DOCUMENTATION_COMMENTS = YES;
				CLANG_WARN_EMPTY_BODY = YES;
				CLANG_WARN_ENUM_CONVERSION = YES;
				CLANG_WARN_INFINITE_RECURSION = YES;
				CLANG_WARN_INT_CONVERSION = YES;
				CLANG_WARN_NON_LITERAL_NULL_CONVERSION = YES;
				CLANG_WARN_OBJC_IMPLICIT_RETAIN_SELF = YES;
				CLANG_WARN_OBJC_LITERAL_CONVERSION = YES;
				CLANG_WARN_OBJC_ROOT_CLASS = YES_ERROR;
				CLANG_WARN_QUOTED_INCLUDE_IN_FRAMEWORK_HEADER = YES;
				CLANG_WARN_RANGE_LOOP_ANALYSIS = YES;
				CLANG_WARN_STRICT_PROTOTYPES = YES;
				CLANG_WARN_SUSPICIOUS_MOVE = YES;
				CLANG_WARN_UNGUARDED_AVAILABILITY = YES_AGGRESSIVE;
				CLANG_WARN_UNREACHABLE_CODE = YES;
				CLANG_WARN__DUPLICATE_METHOD_MATCH = YES;
				COPY_PHASE_STRIP = NO;
				DEBUG_INFORMATION_FORMAT = dwarf;
				ENABLE_STRICT_OBJC_MSGSEND = YES;
				ENABLE_TESTABILITY = YES;
				ENABLE_USER_SCRIPT_SANDBOXING = YES;
				GCC_C_LANGUAGE_STANDARD = gnu17;
				GCC_DYNAMIC_NO_PIC = NO;
				GCC_NO_COMMON_BLOCKS = YES;
				GCC_OPTIMIZATION_LEVEL = 0;
				GCC_PREPROCESSOR_DEFINITIONS = (
					"DEBUG=1",
					"$(inherited)",
				);
				GCC_WARN_64_TO_32_BIT_CONVERSION = YES;
				GCC_WARN_ABOUT_RETURN_TYPE = YES_ERROR;
				GCC_WARN_UNDECLARED_SELECTOR = YES;
				GCC_WARN_UNINITIALIZED_AUTOS = YES_AGGRESSIVE;
				GCC_WARN_UNUSED_FUNCTION = YES;
				GCC_WARN_UNUSED_VARIABLE = YES;
				IPHONEOS_DEPLOYMENT_TARGET = 17.0;
				LOCALIZATION_PREFERS_STRING_CATALOGS = YES;
				MTL_ENABLE_DEBUG_INFO = INCLUDE_SOURCE;
				MTL_FAST_MATH = YES;
				ONLY_ACTIVE_ARCH = YES;
				SDKROOT = iphoneos;
				SWIFT_ACTIVE_COMPILATION_CONDITIONS = "DEBUG $(inherited)";
				SWIFT_OPTIMIZATION_LEVEL = "-Onone";
			};
			name = Debug;
		};
		7A215C972B07A8BF003B119D /* Release */ = {
			isa = XCBuildConfiguration;
			buildSettings = {
				ALWAYS_SEARCH_USER_PATHS = NO;
				ASSETCATALOG_COMPILER_GENERATE_SWIFT_ASSET_SYMBOL_EXTENSIONS = YES;
				CLANG_ANALYZER_NONNULL = YES;
				CLANG_ANALYZER_NUMBER_OBJECT_CONVERSION = YES_AGGRESSIVE;
				CLANG_CXX_LANGUAGE_STANDARD = "gnu++20";
				CLANG_ENABLE_MODULES = YES;
				CLANG_ENABLE_OBJC_ARC = YES;
				CLANG_ENABLE_OBJC_WEAK = YES;
				CLANG_WARN_BLOCK_CAPTURE_AUTORELEASING = YES;
				CLANG_WARN_BOOL_CONVERSION = YES;
				CLANG_WARN_COMMA = YES;
				CLANG_WARN_CONSTANT_CONVERSION = YES;
				CLANG_WARN_DEPRECATED_OBJC_IMPLEMENTATIONS = YES;
				CLANG_WARN_DIRECT_OBJC_ISA_USAGE = YES_ERROR;
				CLANG_WARN_DOCUMENTATION_COMMENTS = YES;
				CLANG_WARN_EMPTY_BODY = YES;
				CLANG_WARN_ENUM_CONVERSION = YES;
				CLANG_WARN_INFINITE_RECURSION = YES;
				CLANG_WARN_INT_CONVERSION = YES;
				CLANG_WARN_NON_LITERAL_NULL_CONVERSION = YES;
				CLANG_WARN_OBJC_IMPLICIT_RETAIN_SELF = YES;
				CLANG_WARN_OBJC_LITERAL_CONVERSION = YES;
				CLANG_WARN_OBJC_ROOT_CLASS = YES_ERROR;
				CLANG_WARN_QUOTED_INCLUDE_IN_FRAMEWORK_HEADER = YES;
				CLANG_WARN_RANGE_LOOP_ANALYSIS = YES;
				CLANG_WARN_STRICT_PROTOTYPES = YES;
				CLANG_WARN_SUSPICIOUS_MOVE = YES;
				CLANG_WARN_UNGUARDED_AVAILABILITY = YES_AGGRESSIVE;
				CLANG_WARN_UNREACHABLE_CODE = YES;
				CLANG_WARN__DUPLICATE_METHOD_MATCH = YES;
				COPY_PHASE_STRIP = NO;
				DEBUG_INFORMATION_FORMAT = "dwarf-with-dsym";
				ENABLE_NS_ASSERTIONS = NO;
				ENABLE_STRICT_OBJC_MSGSEND = YES;
				ENABLE_USER_SCRIPT_SANDBOXING = YES;
				GCC_C_LANGUAGE_STANDARD = gnu17;
				GCC_NO_COMMON_BLOCKS = YES;
				GCC_WARN_64_TO_32_BIT_CONVERSION = YES;
				GCC_WARN_ABOUT_RETURN_TYPE = YES_ERROR;
				GCC_WARN_UNDECLARED_SELECTOR = YES;
				GCC_WARN_UNINITIALIZED_AUTOS = YES_AGGRESSIVE;
				GCC_WARN_UNUSED_FUNCTION = YES;
				GCC_WARN_UNUSED_VARIABLE = YES;
				IPHONEOS_DEPLOYMENT_TARGET = 17.0;
				LOCALIZATION_PREFERS_STRING_CATALOGS = YES;
				MTL_ENABLE_DEBUG_INFO = NO;
				MTL_FAST_MATH = YES;
				SDKROOT = iphoneos;
				SWIFT_COMPILATION_MODE = wholemodule;
				VALIDATE_PRODUCT = YES;
			};
			name = Release;
		};
		7A215C992B07A8BF003B119D /* Debug */ = {
			isa = XCBuildConfiguration;
			buildSettings = {
				ASSETCATALOG_COMPILER_APPICON_NAME = AppIcon;
				ASSETCATALOG_COMPILER_GLOBAL_ACCENT_COLOR_NAME = AccentColor;
				CODE_SIGN_ENTITLEMENTS = FitFolio/FitFolio.entitlements;
				CODE_SIGN_STYLE = Automatic;
				CURRENT_PROJECT_VERSION = 1;
				DEVELOPMENT_TEAM = "";
				GENERATE_INFOPLIST_FILE = YES;
				INFOPLIST_FILE = FitFolio/Info.plist;
				INFOPLIST_KEY_CFBundleDisplayName = FitFolio;
				INFOPLIST_KEY_LSApplicationCategoryType = "public.app-category.healthcare-fitness";
				INFOPLIST_KEY_UIApplicationSupportsIndirectInputEvents = YES;
				INFOPLIST_KEY_UILaunchStoryboardName = LaunchScreen;
				INFOPLIST_KEY_UIMainStoryboardFile = Main;
				INFOPLIST_KEY_UISupportedInterfaceOrientations = UIInterfaceOrientationPortrait;
				IPHONEOS_DEPLOYMENT_TARGET = 13.0;
				LD_RUNPATH_SEARCH_PATHS = (
					"$(inherited)",
					"@executable_path/Frameworks",
				);
				MARKETING_VERSION = 1.0;
				PRODUCT_BUNDLE_IDENTIFIER = Fitfolio.FitFolio;
				PRODUCT_NAME = "$(TARGET_NAME)";
				SWIFT_EMIT_LOC_STRINGS = YES;
				SWIFT_VERSION = 5.0;
				TARGETED_DEVICE_FAMILY = "1,2";
			};
			name = Debug;
		};
		7A215C9A2B07A8BF003B119D /* Release */ = {
			isa = XCBuildConfiguration;
			buildSettings = {
				ASSETCATALOG_COMPILER_APPICON_NAME = AppIcon;
				ASSETCATALOG_COMPILER_GLOBAL_ACCENT_COLOR_NAME = AccentColor;
				CODE_SIGN_ENTITLEMENTS = FitFolio/FitFolio.entitlements;
				CODE_SIGN_STYLE = Automatic;
				CURRENT_PROJECT_VERSION = 1;
				DEVELOPMENT_TEAM = "";
				GENERATE_INFOPLIST_FILE = YES;
				INFOPLIST_FILE = FitFolio/Info.plist;
				INFOPLIST_KEY_CFBundleDisplayName = FitFolio;
				INFOPLIST_KEY_LSApplicationCategoryType = "public.app-category.healthcare-fitness";
				INFOPLIST_KEY_UIApplicationSupportsIndirectInputEvents = YES;
				INFOPLIST_KEY_UILaunchStoryboardName = LaunchScreen;
				INFOPLIST_KEY_UIMainStoryboardFile = Main;
				INFOPLIST_KEY_UISupportedInterfaceOrientations = UIInterfaceOrientationPortrait;
				IPHONEOS_DEPLOYMENT_TARGET = 13.0;
				LD_RUNPATH_SEARCH_PATHS = (
					"$(inherited)",
					"@executable_path/Frameworks",
				);
				MARKETING_VERSION = 1.0;
				PRODUCT_BUNDLE_IDENTIFIER = Fitfolio.FitFolio;
				PRODUCT_NAME = "$(TARGET_NAME)";
				SWIFT_EMIT_LOC_STRINGS = YES;
				SWIFT_VERSION = 5.0;
				TARGETED_DEVICE_FAMILY = "1,2";
			};
			name = Release;
		};
		7A215C9C2B07A8BF003B119D /* Debug */ = {
			isa = XCBuildConfiguration;
			buildSettings = {
				ALWAYS_EMBED_SWIFT_STANDARD_LIBRARIES = YES;
				BUNDLE_LOADER = "$(TEST_HOST)";
				CODE_SIGN_STYLE = Automatic;
				CURRENT_PROJECT_VERSION = 1;
				DEVELOPMENT_TEAM = AZCT632CVV;
				GENERATE_INFOPLIST_FILE = YES;
				IPHONEOS_DEPLOYMENT_TARGET = 17.0;
				MARKETING_VERSION = 1.0;
				PRODUCT_BUNDLE_IDENTIFIER = Fitfolio.FitFolioTests;
				PRODUCT_NAME = "$(TARGET_NAME)";
				SWIFT_EMIT_LOC_STRINGS = NO;
				SWIFT_VERSION = 5.0;
				TARGETED_DEVICE_FAMILY = "1,2";
				TEST_HOST = "$(BUILT_PRODUCTS_DIR)/FitFolio.app/$(BUNDLE_EXECUTABLE_FOLDER_PATH)/FitFolio";
			};
			name = Debug;
		};
		7A215C9D2B07A8BF003B119D /* Release */ = {
			isa = XCBuildConfiguration;
			buildSettings = {
				ALWAYS_EMBED_SWIFT_STANDARD_LIBRARIES = YES;
				BUNDLE_LOADER = "$(TEST_HOST)";
				CODE_SIGN_STYLE = Automatic;
				CURRENT_PROJECT_VERSION = 1;
				DEVELOPMENT_TEAM = AZCT632CVV;
				GENERATE_INFOPLIST_FILE = YES;
				IPHONEOS_DEPLOYMENT_TARGET = 17.0;
				MARKETING_VERSION = 1.0;
				PRODUCT_BUNDLE_IDENTIFIER = Fitfolio.FitFolioTests;
				PRODUCT_NAME = "$(TARGET_NAME)";
				SWIFT_EMIT_LOC_STRINGS = NO;
				SWIFT_VERSION = 5.0;
				TARGETED_DEVICE_FAMILY = "1,2";
				TEST_HOST = "$(BUILT_PRODUCTS_DIR)/FitFolio.app/$(BUNDLE_EXECUTABLE_FOLDER_PATH)/FitFolio";
			};
			name = Release;
		};
		7A215C9F2B07A8BF003B119D /* Debug */ = {
			isa = XCBuildConfiguration;
			buildSettings = {
				ALWAYS_EMBED_SWIFT_STANDARD_LIBRARIES = YES;
				CODE_SIGN_STYLE = Automatic;
				CURRENT_PROJECT_VERSION = 1;
				DEVELOPMENT_TEAM = AZCT632CVV;
				GENERATE_INFOPLIST_FILE = YES;
				MARKETING_VERSION = 1.0;
				PRODUCT_BUNDLE_IDENTIFIER = Fitfolio.FitFolioUITests;
				PRODUCT_NAME = "$(TARGET_NAME)";
				SWIFT_EMIT_LOC_STRINGS = NO;
				SWIFT_VERSION = 5.0;
				TARGETED_DEVICE_FAMILY = "1,2";
				TEST_TARGET_NAME = FitFolio;
			};
			name = Debug;
		};
		7A215CA02B07A8BF003B119D /* Release */ = {
			isa = XCBuildConfiguration;
			buildSettings = {
				ALWAYS_EMBED_SWIFT_STANDARD_LIBRARIES = YES;
				CODE_SIGN_STYLE = Automatic;
				CURRENT_PROJECT_VERSION = 1;
				DEVELOPMENT_TEAM = AZCT632CVV;
				GENERATE_INFOPLIST_FILE = YES;
				MARKETING_VERSION = 1.0;
				PRODUCT_BUNDLE_IDENTIFIER = Fitfolio.FitFolioUITests;
				PRODUCT_NAME = "$(TARGET_NAME)";
				SWIFT_EMIT_LOC_STRINGS = NO;
				SWIFT_VERSION = 5.0;
				TARGETED_DEVICE_FAMILY = "1,2";
				TEST_TARGET_NAME = FitFolio;
			};
			name = Release;
		};
/* End XCBuildConfiguration section */

/* Begin XCConfigurationList section */
		7A215C692B07A8BE003B119D /* Build configuration list for PBXProject "FitFolio" */ = {
			isa = XCConfigurationList;
			buildConfigurations = (
				7A215C962B07A8BF003B119D /* Debug */,
				7A215C972B07A8BF003B119D /* Release */,
			);
			defaultConfigurationIsVisible = 0;
			defaultConfigurationName = Release;
		};
		7A215C982B07A8BF003B119D /* Build configuration list for PBXNativeTarget "FitFolio" */ = {
			isa = XCConfigurationList;
			buildConfigurations = (
				7A215C992B07A8BF003B119D /* Debug */,
				7A215C9A2B07A8BF003B119D /* Release */,
			);
			defaultConfigurationIsVisible = 0;
			defaultConfigurationName = Release;
		};
		7A215C9B2B07A8BF003B119D /* Build configuration list for PBXNativeTarget "FitFolioTests" */ = {
			isa = XCConfigurationList;
			buildConfigurations = (
				7A215C9C2B07A8BF003B119D /* Debug */,
				7A215C9D2B07A8BF003B119D /* Release */,
			);
			defaultConfigurationIsVisible = 0;
			defaultConfigurationName = Release;
		};
		7A215C9E2B07A8BF003B119D /* Build configuration list for PBXNativeTarget "FitFolioUITests" */ = {
			isa = XCConfigurationList;
			buildConfigurations = (
				7A215C9F2B07A8BF003B119D /* Debug */,
				7A215CA02B07A8BF003B119D /* Release */,
			);
			defaultConfigurationIsVisible = 0;
			defaultConfigurationName = Release;
		};
/* End XCConfigurationList section */

/* Begin XCRemoteSwiftPackageReference section */
		BB7D08762B11494800177AAF /* XCRemoteSwiftPackageReference "realm-swift" */ = {
			isa = XCRemoteSwiftPackageReference;
			repositoryURL = "https://github.com/realm/realm-swift";
			requirement = {
				kind = upToNextMajorVersion;
				minimumVersion = 10.10.0;
			};
		};
		BB7D088F2B124A9A00177AAF /* XCRemoteSwiftPackageReference "SnapKit" */ = {
			isa = XCRemoteSwiftPackageReference;
			repositoryURL = "https://github.com/SnapKit/SnapKit";
			requirement = {
				kind = upToNextMajorVersion;
				minimumVersion = 5.6.0;
			};
		};
/* End XCRemoteSwiftPackageReference section */

/* Begin XCSwiftPackageProductDependency section */
		BB7D08772B11494800177AAF /* Realm */ = {
			isa = XCSwiftPackageProductDependency;
			package = BB7D08762B11494800177AAF /* XCRemoteSwiftPackageReference "realm-swift" */;
			productName = Realm;
		};
		BB7D08792B11494800177AAF /* RealmSwift */ = {
			isa = XCSwiftPackageProductDependency;
			package = BB7D08762B11494800177AAF /* XCRemoteSwiftPackageReference "realm-swift" */;
			productName = RealmSwift;
		};
		BB7D08902B124A9A00177AAF /* SnapKit */ = {
			isa = XCSwiftPackageProductDependency;
			package = BB7D088F2B124A9A00177AAF /* XCRemoteSwiftPackageReference "SnapKit" */;
			productName = SnapKit;
		};
		BB7D08922B124A9A00177AAF /* SnapKit-Dynamic */ = {
			isa = XCSwiftPackageProductDependency;
			package = BB7D088F2B124A9A00177AAF /* XCRemoteSwiftPackageReference "SnapKit" */;
			productName = "SnapKit-Dynamic";
		};
/* End XCSwiftPackageProductDependency section */
	};
	rootObject = 7A215C662B07A8BE003B119D /* Project object */;
}
